
Microsoft Visual Studio Solution File, Format Version 12.00
# Visual Studio Version 17
VisualStudioVersion = 17.9.34728.123
MinimumVisualStudioVersion = 10.0.40219.1
Project("{FAE04EC0-301F-11D3-BF4B-00C04F79EFBC}") = "Laboratorio_8", "Laboratorio_8\Laboratorio_8.csproj", "{E25C994F-098F-4111-8947-F4814595E280}"
EndProject
Global
	GlobalSection(SolutionConfigurationPlatforms) = preSolution
		Debug|Any CPU = Debug|Any CPU
		Release|Any CPU = Release|Any CPU
	EndGlobalSection
	GlobalSection(ProjectConfigurationPlatforms) = postSolution
		{E25C994F-098F-4111-8947-F4814595E280}.Debug|Any CPU.ActiveCfg = Debug|Any CPU
		{E25C994F-098F-4111-8947-F4814595E280}.Debug|Any CPU.Build.0 = Debug|Any CPU
		{E25C994F-098F-4111-8947-F4814595E280}.Release|Any CPU.ActiveCfg = Release|Any CPU
		{E25C994F-098F-4111-8947-F4814595E280}.Release|Any CPU.Build.0 = Release|Any CPU
	EndGlobalSection
	GlobalSection(SolutionProperties) = preSolution
		HideSolutionNode = FALSE
	EndGlobalSection
	GlobalSection(ExtensibilityGlobals) = postSolution
		SolutionGuid = {F6D37186-905A-4528-A766-373576C00575}
	EndGlobalSection
EndGlobal
